
Microsoft Visual Studio Solution File, Format Version 12.00
# Visual Studio Version 17
VisualStudioVersion = 17.0.31912.275
MinimumVisualStudioVersion = 10.0.40219.1
Project("{9A19103F-16F7-4668-BE54-9A1E7A4F7556}") = "MintPlayer.AspNetCore.SpaServices.Routing", "MintPlayer.AspNetCore.SpaServices.Routing\MintPlayer.AspNetCore.SpaServices.Routing.csproj", "{6B97C22A-5348-474D-82FF-7B6AB5F2535F}"
EndProject
Project("{2150E333-8FDC-42A3-9474-1A3956D46DE8}") = "Demo", "Demo", "{D7858C2C-8A8E-4D30-A0A5-4BE23EE3C4FB}"
EndProject
Project("{9A19103F-16F7-4668-BE54-9A1E7A4F7556}") = "Demo.Web", "Demo\Demo.Web\Demo.Web.csproj", "{8934F9B7-AF05-46FF-B332-BA3DFEC5EFCF}"
EndProject
Project("{9A19103F-16F7-4668-BE54-9A1E7A4F7556}") = "Demo.Data", "Demo\Demo.Data\Demo.Data.csproj", "{626AA6A7-6917-40F8-B340-FFD7E7EF56D5}"
EndProject
Project("{9A19103F-16F7-4668-BE54-9A1E7A4F7556}") = "Demo.Dtos", "Demo\Demo.Dtos\Demo.Dtos.csproj", "{6ADDD076-B94D-4402-AE34-98939CA4F103}"
EndProject
Project("{9A19103F-16F7-4668-BE54-9A1E7A4F7556}") = "MintPlayer.AspNetCore.SpaServices.Prerendering", "MintPlayer.AspNetCore.SpaServices.Prerendering\MintPlayer.AspNetCore.SpaServices.Prerendering.csproj", "{1ED79552-3793-49A1-A2FA-D04314C1B350}"
EndProject
Project("{9A19103F-16F7-4668-BE54-9A1E7A4F7556}") = "MintPlayer.AspNetCore.SpaServices", "MintPlayer.AspNetCore.SpaServices\MintPlayer.AspNetCore.SpaServices.csproj", "{2334612D-54B9-4F82-9512-03339948D242}"
EndProject
Project("{9A19103F-16F7-4668-BE54-9A1E7A4F7556}") = "MintPlayer.AspNetCore.NodeServices", "MintPlayer.AspNetCore.NodeServices\MintPlayer.AspNetCore.NodeServices.csproj", "{3567BE26-D0AE-4783-A0EA-4D2650F9A51B}"
EndProject
Global
	GlobalSection(SolutionConfigurationPlatforms) = preSolution
		Debug|Any CPU = Debug|Any CPU
		Release|Any CPU = Release|Any CPU
	EndGlobalSection
	GlobalSection(ProjectConfigurationPlatforms) = postSolution
		{6B97C22A-5348-474D-82FF-7B6AB5F2535F}.Debug|Any CPU.ActiveCfg = Debug|Any CPU
		{6B97C22A-5348-474D-82FF-7B6AB5F2535F}.Debug|Any CPU.Build.0 = Debug|Any CPU
		{6B97C22A-5348-474D-82FF-7B6AB5F2535F}.Release|Any CPU.ActiveCfg = Release|Any CPU
		{6B97C22A-5348-474D-82FF-7B6AB5F2535F}.Release|Any CPU.Build.0 = Release|Any CPU
		{8934F9B7-AF05-46FF-B332-BA3DFEC5EFCF}.Debug|Any CPU.ActiveCfg = Debug|Any CPU
		{8934F9B7-AF05-46FF-B332-BA3DFEC5EFCF}.Debug|Any CPU.Build.0 = Debug|Any CPU
		{8934F9B7-AF05-46FF-B332-BA3DFEC5EFCF}.Release|Any CPU.ActiveCfg = Release|Any CPU
		{8934F9B7-AF05-46FF-B332-BA3DFEC5EFCF}.Release|Any CPU.Build.0 = Release|Any CPU
		{626AA6A7-6917-40F8-B340-FFD7E7EF56D5}.Debug|Any CPU.ActiveCfg = Debug|Any CPU
		{626AA6A7-6917-40F8-B340-FFD7E7EF56D5}.Debug|Any CPU.Build.0 = Debug|Any CPU
		{626AA6A7-6917-40F8-B340-FFD7E7EF56D5}.Release|Any CPU.ActiveCfg = Release|Any CPU
		{626AA6A7-6917-40F8-B340-FFD7E7EF56D5}.Release|Any CPU.Build.0 = Release|Any CPU
		{6ADDD076-B94D-4402-AE34-98939CA4F103}.Debug|Any CPU.ActiveCfg = Debug|Any CPU
		{6ADDD076-B94D-4402-AE34-98939CA4F103}.Debug|Any CPU.Build.0 = Debug|Any CPU
		{6ADDD076-B94D-4402-AE34-98939CA4F103}.Release|Any CPU.ActiveCfg = Release|Any CPU
		{6ADDD076-B94D-4402-AE34-98939CA4F103}.Release|Any CPU.Build.0 = Release|Any CPU
		{1ED79552-3793-49A1-A2FA-D04314C1B350}.Debug|Any CPU.ActiveCfg = Debug|Any CPU
		{1ED79552-3793-49A1-A2FA-D04314C1B350}.Debug|Any CPU.Build.0 = Debug|Any CPU
		{1ED79552-3793-49A1-A2FA-D04314C1B350}.Release|Any CPU.ActiveCfg = Release|Any CPU
		{1ED79552-3793-49A1-A2FA-D04314C1B350}.Release|Any CPU.Build.0 = Release|Any CPU
		{2334612D-54B9-4F82-9512-03339948D242}.Debug|Any CPU.ActiveCfg = Debug|Any CPU
		{2334612D-54B9-4F82-9512-03339948D242}.Debug|Any CPU.Build.0 = Debug|Any CPU
		{2334612D-54B9-4F82-9512-03339948D242}.Release|Any CPU.ActiveCfg = Release|Any CPU
		{2334612D-54B9-4F82-9512-03339948D242}.Release|Any CPU.Build.0 = Release|Any CPU
		{3567BE26-D0AE-4783-A0EA-4D2650F9A51B}.Debug|Any CPU.ActiveCfg = Debug|Any CPU
		{3567BE26-D0AE-4783-A0EA-4D2650F9A51B}.Debug|Any CPU.Build.0 = Debug|Any CPU
		{3567BE26-D0AE-4783-A0EA-4D2650F9A51B}.Release|Any CPU.ActiveCfg = Release|Any CPU
		{3567BE26-D0AE-4783-A0EA-4D2650F9A51B}.Release|Any CPU.Build.0 = Release|Any CPU
	EndGlobalSection
	GlobalSection(SolutionProperties) = preSolution
		HideSolutionNode = FALSE
	EndGlobalSection
	GlobalSection(NestedProjects) = preSolution
		{8934F9B7-AF05-46FF-B332-BA3DFEC5EFCF} = {D7858C2C-8A8E-4D30-A0A5-4BE23EE3C4FB}
		{626AA6A7-6917-40F8-B340-FFD7E7EF56D5} = {D7858C2C-8A8E-4D30-A0A5-4BE23EE3C4FB}
		{6ADDD076-B94D-4402-AE34-98939CA4F103} = {D7858C2C-8A8E-4D30-A0A5-4BE23EE3C4FB}
	EndGlobalSection
	GlobalSection(ExtensibilityGlobals) = postSolution
		SolutionGuid = {323FA7EC-15C5-4424-9F67-63969B48B47E}
	EndGlobalSection
EndGlobal
